// !$*UTF8*$!
{
	archiveVersion = 1;
	classes = {
	};
	objectVersion = 46;
	objects = {

/* Begin PBXBuildFile section */
		85247CA91807A6D1002DE9A6 /* Foundation.framework in Frameworks */ = {isa = PBXBuildFile; fileRef = 85247CA81807A6D1002DE9A6 /* Foundation.framework */; };
		85247CAB1807A6D1002DE9A6 /* CoreGraphics.framework in Frameworks */ = {isa = PBXBuildFile; fileRef = 85247CAA1807A6D1002DE9A6 /* CoreGraphics.framework */; };
		85247CAD1807A6D1002DE9A6 /* UIKit.framework in Frameworks */ = {isa = PBXBuildFile; fileRef = 85247CAC1807A6D1002DE9A6 /* UIKit.framework */; };
		85247CB31807A6D1002DE9A6 /* InfoPlist.strings in Resources */ = {isa = PBXBuildFile; fileRef = 85247CB11807A6D1002DE9A6 /* InfoPlist.strings */; };
		85247CB51807A6D1002DE9A6 /* main.m in Sources */ = {isa = PBXBuildFile; fileRef = 85247CB41807A6D1002DE9A6 /* main.m */; };
		85247CB91807A6D1002DE9A6 /* AppDelegate.m in Sources */ = {isa = PBXBuildFile; fileRef = 85247CB81807A6D1002DE9A6 /* AppDelegate.m */; };
		85247CBC1807A6D1002DE9A6 /* Main_iPhone.storyboard in Resources */ = {isa = PBXBuildFile; fileRef = 85247CBA1807A6D1002DE9A6 /* Main_iPhone.storyboard */; };
		85247CBF1807A6D1002DE9A6 /* Main_iPad.storyboard in Resources */ = {isa = PBXBuildFile; fileRef = 85247CBD1807A6D1002DE9A6 /* Main_iPad.storyboard */; };
		85247CC21807A6D1002DE9A6 /* ViewController.m in Sources */ = {isa = PBXBuildFile; fileRef = 85247CC11807A6D1002DE9A6 /* ViewController.m */; };
		85247CC41807A6D1002DE9A6 /* Images.xcassets in Resources */ = {isa = PBXBuildFile; fileRef = 85247CC31807A6D1002DE9A6 /* Images.xcassets */; };
		85247CCB1807A6D2002DE9A6 /* XCTest.framework in Frameworks */ = {isa = PBXBuildFile; fileRef = 85247CCA1807A6D2002DE9A6 /* XCTest.framework */; };
		85247CCC1807A6D2002DE9A6 /* Foundation.framework in Frameworks */ = {isa = PBXBuildFile; fileRef = 85247CA81807A6D1002DE9A6 /* Foundation.framework */; };
		85247CCD1807A6D2002DE9A6 /* UIKit.framework in Frameworks */ = {isa = PBXBuildFile; fileRef = 85247CAC1807A6D1002DE9A6 /* UIKit.framework */; };
		85247CD51807A6D2002DE9A6 /* InfoPlist.strings in Resources */ = {isa = PBXBuildFile; fileRef = 85247CD31807A6D2002DE9A6 /* InfoPlist.strings */; };
		85247CD71807A6D2002DE9A6 /* TestLoginWithLinkedInTests.m in Sources */ = {isa = PBXBuildFile; fileRef = 85247CD61807A6D2002DE9A6 /* TestLoginWithLinkedInTests.m */; };
		85247CE31807A78D002DE9A6 /* libxml2.dylib in Frameworks */ = {isa = PBXBuildFile; fileRef = 85247CE21807A78D002DE9A6 /* libxml2.dylib */; };
		85247D28180E577C002DE9A6 /* MALinkedIn.framework in Frameworks */ = {isa = PBXBuildFile; fileRef = 85247D27180E577C002DE9A6 /* MALinkedIn.framework */; };
/* End PBXBuildFile section */

/* Begin PBXContainerItemProxy section */
		85247CCE1807A6D2002DE9A6 /* PBXContainerItemProxy */ = {
			isa = PBXContainerItemProxy;
			containerPortal = 85247C9D1807A6D1002DE9A6 /* Project object */;
			proxyType = 1;
			remoteGlobalIDString = 85247CA41807A6D1002DE9A6;
			remoteInfo = TestLoginWithLinkedIn;
		};
/* End PBXContainerItemProxy section */

/* Begin PBXFileReference section */
		85247CA51807A6D1002DE9A6 /* TestLoginWithLinkedIn.app */ = {isa = PBXFileReference; explicitFileType = wrapper.application; includeInIndex = 0; path = TestLoginWithLinkedIn.app; sourceTree = BUILT_PRODUCTS_DIR; };
		85247CA81807A6D1002DE9A6 /* Foundation.framework */ = {isa = PBXFileReference; lastKnownFileType = wrapper.framework; name = Foundation.framework; path = System/Library/Frameworks/Foundation.framework; sourceTree = SDKROOT; };
		85247CAA1807A6D1002DE9A6 /* CoreGraphics.framework */ = {isa = PBXFileReference; lastKnownFileType = wrapper.framework; name = CoreGraphics.framework; path = System/Library/Frameworks/CoreGraphics.framework; sourceTree = SDKROOT; };
		85247CAC1807A6D1002DE9A6 /* UIKit.framework */ = {isa = PBXFileReference; lastKnownFileType = wrapper.framework; name = UIKit.framework; path = System/Library/Frameworks/UIKit.framework; sourceTree = SDKROOT; };
		85247CB01807A6D1002DE9A6 /* TestLoginWithLinkedIn-Info.plist */ = {isa = PBXFileReference; lastKnownFileType = text.plist.xml; path = "TestLoginWithLinkedIn-Info.plist"; sourceTree = "<group>"; };
		85247CB21807A6D1002DE9A6 /* en */ = {isa = PBXFileReference; lastKnownFileType = text.plist.strings; name = en; path = en.lproj/InfoPlist.strings; sourceTree = "<group>"; };
		85247CB41807A6D1002DE9A6 /* main.m */ = {isa = PBXFileReference; lastKnownFileType = sourcecode.c.objc; path = main.m; sourceTree = "<group>"; };
		85247CB61807A6D1002DE9A6 /* TestLoginWithLinkedIn-Prefix.pch */ = {isa = PBXFileReference; lastKnownFileType = sourcecode.c.h; path = "TestLoginWithLinkedIn-Prefix.pch"; sourceTree = "<group>"; };
		85247CB71807A6D1002DE9A6 /* AppDelegate.h */ = {isa = PBXFileReference; lastKnownFileType = sourcecode.c.h; path = AppDelegate.h; sourceTree = "<group>"; };
		85247CB81807A6D1002DE9A6 /* AppDelegate.m */ = {isa = PBXFileReference; lastKnownFileType = sourcecode.c.objc; path = AppDelegate.m; sourceTree = "<group>"; };
		85247CBB1807A6D1002DE9A6 /* Base */ = {isa = PBXFileReference; lastKnownFileType = file.storyboard; name = Base; path = Base.lproj/Main_iPhone.storyboard; sourceTree = "<group>"; };
		85247CBE1807A6D1002DE9A6 /* Base */ = {isa = PBXFileReference; lastKnownFileType = file.storyboard; name = Base; path = Base.lproj/Main_iPad.storyboard; sourceTree = "<group>"; };
		85247CC01807A6D1002DE9A6 /* ViewController.h */ = {isa = PBXFileReference; lastKnownFileType = sourcecode.c.h; path = ViewController.h; sourceTree = "<group>"; };
		85247CC11807A6D1002DE9A6 /* ViewController.m */ = {isa = PBXFileReference; lastKnownFileType = sourcecode.c.objc; path = ViewController.m; sourceTree = "<group>"; };
		85247CC31807A6D1002DE9A6 /* Images.xcassets */ = {isa = PBXFileReference; lastKnownFileType = folder.assetcatalog; path = Images.xcassets; sourceTree = "<group>"; };
		85247CC91807A6D2002DE9A6 /* TestLoginWithLinkedInTests.xctest */ = {isa = PBXFileReference; explicitFileType = wrapper.cfbundle; includeInIndex = 0; path = TestLoginWithLinkedInTests.xctest; sourceTree = BUILT_PRODUCTS_DIR; };
		85247CCA1807A6D2002DE9A6 /* XCTest.framework */ = {isa = PBXFileReference; lastKnownFileType = wrapper.framework; name = XCTest.framework; path = Library/Frameworks/XCTest.framework; sourceTree = DEVELOPER_DIR; };
		85247CD21807A6D2002DE9A6 /* TestLoginWithLinkedInTests-Info.plist */ = {isa = PBXFileReference; lastKnownFileType = text.plist.xml; path = "TestLoginWithLinkedInTests-Info.plist"; sourceTree = "<group>"; };
		85247CD41807A6D2002DE9A6 /* en */ = {isa = PBXFileReference; lastKnownFileType = text.plist.strings; name = en; path = en.lproj/InfoPlist.strings; sourceTree = "<group>"; };
		85247CD61807A6D2002DE9A6 /* TestLoginWithLinkedInTests.m */ = {isa = PBXFileReference; lastKnownFileType = sourcecode.c.objc; path = TestLoginWithLinkedInTests.m; sourceTree = "<group>"; };
		85247CE21807A78D002DE9A6 /* libxml2.dylib */ = {isa = PBXFileReference; lastKnownFileType = "compiled.mach-o.dylib"; name = libxml2.dylib; path = usr/lib/libxml2.dylib; sourceTree = SDKROOT; };
		85247D27180E577C002DE9A6 /* MALinkedIn.framework */ = {isa = PBXFileReference; lastKnownFileType = wrapper.framework; name = MALinkedIn.framework; path = "../../../../../Library/Developer/Xcode/DerivedData/MALinkedIn-bnwygrlwsdhheyfjuqwcqxuhzqyj/Build/Products/Debug-iphoneos/MALinkedIn.framework"; sourceTree = "<group>"; };
/* End PBXFileReference section */

/* Begin PBXFrameworksBuildPhase section */
		85247CA21807A6D1002DE9A6 /* Frameworks */ = {
			isa = PBXFrameworksBuildPhase;
			buildActionMask = 2147483647;
			files = (
				85247CE31807A78D002DE9A6 /* libxml2.dylib in Frameworks */,
				85247D28180E577C002DE9A6 /* MALinkedIn.framework in Frameworks */,
				85247CAB1807A6D1002DE9A6 /* CoreGraphics.framework in Frameworks */,
				85247CAD1807A6D1002DE9A6 /* UIKit.framework in Frameworks */,
				85247CA91807A6D1002DE9A6 /* Foundation.framework in Frameworks */,
			);
			runOnlyForDeploymentPostprocessing = 0;
		};
		85247CC61807A6D2002DE9A6 /* Frameworks */ = {
			isa = PBXFrameworksBuildPhase;
			buildActionMask = 2147483647;
			files = (
				85247CCB1807A6D2002DE9A6 /* XCTest.framework in Frameworks */,
				85247CCD1807A6D2002DE9A6 /* UIKit.framework in Frameworks */,
				85247CCC1807A6D2002DE9A6 /* Foundation.framework in Frameworks */,
			);
			runOnlyForDeploymentPostprocessing = 0;
		};
/* End PBXFrameworksBuildPhase section */

/* Begin PBXGroup section */
		85247C9C1807A6D1002DE9A6 = {
			isa = PBXGroup;
			children = (
				85247CAE1807A6D1002DE9A6 /* TestLoginWithLinkedIn */,
				85247CD01807A6D2002DE9A6 /* TestLoginWithLinkedInTests */,
				85247CA71807A6D1002DE9A6 /* Frameworks */,
				85247CA61807A6D1002DE9A6 /* Products */,
			);
			sourceTree = "<group>";
		};
		85247CA61807A6D1002DE9A6 /* Products */ = {
			isa = PBXGroup;
			children = (
				85247CA51807A6D1002DE9A6 /* TestLoginWithLinkedIn.app */,
				85247CC91807A6D2002DE9A6 /* TestLoginWithLinkedInTests.xctest */,
			);
			name = Products;
			sourceTree = "<group>";
		};
		85247CA71807A6D1002DE9A6 /* Frameworks */ = {
			isa = PBXGroup;
			children = (
				85247D27180E577C002DE9A6 /* MALinkedIn.framework */,
				85247CE21807A78D002DE9A6 /* libxml2.dylib */,
				85247CA81807A6D1002DE9A6 /* Foundation.framework */,
				85247CAA1807A6D1002DE9A6 /* CoreGraphics.framework */,
				85247CAC1807A6D1002DE9A6 /* UIKit.framework */,
				85247CCA1807A6D2002DE9A6 /* XCTest.framework */,
			);
			name = Frameworks;
			sourceTree = "<group>";
		};
		85247CAE1807A6D1002DE9A6 /* TestLoginWithLinkedIn */ = {
			isa = PBXGroup;
			children = (
				85247CB71807A6D1002DE9A6 /* AppDelegate.h */,
				85247CB81807A6D1002DE9A6 /* AppDelegate.m */,
				85247CBA1807A6D1002DE9A6 /* Main_iPhone.storyboard */,
				85247CBD1807A6D1002DE9A6 /* Main_iPad.storyboard */,
				85247CC01807A6D1002DE9A6 /* ViewController.h */,
				85247CC11807A6D1002DE9A6 /* ViewController.m */,
				85247CC31807A6D1002DE9A6 /* Images.xcassets */,
				85247CAF1807A6D1002DE9A6 /* Supporting Files */,
			);
			path = TestLoginWithLinkedIn;
			sourceTree = "<group>";
		};
		85247CAF1807A6D1002DE9A6 /* Supporting Files */ = {
			isa = PBXGroup;
			children = (
				85247CB01807A6D1002DE9A6 /* TestLoginWithLinkedIn-Info.plist */,
				85247CB11807A6D1002DE9A6 /* InfoPlist.strings */,
				85247CB41807A6D1002DE9A6 /* main.m */,
				85247CB61807A6D1002DE9A6 /* TestLoginWithLinkedIn-Prefix.pch */,
			);
			name = "Supporting Files";
			sourceTree = "<group>";
		};
		85247CD01807A6D2002DE9A6 /* TestLoginWithLinkedInTests */ = {
			isa = PBXGroup;
			children = (
				85247CD61807A6D2002DE9A6 /* TestLoginWithLinkedInTests.m */,
				85247CD11807A6D2002DE9A6 /* Supporting Files */,
			);
			path = TestLoginWithLinkedInTests;
			sourceTree = "<group>";
		};
		85247CD11807A6D2002DE9A6 /* Supporting Files */ = {
			isa = PBXGroup;
			children = (
				85247CD21807A6D2002DE9A6 /* TestLoginWithLinkedInTests-Info.plist */,
				85247CD31807A6D2002DE9A6 /* InfoPlist.strings */,
			);
			name = "Supporting Files";
			sourceTree = "<group>";
		};
/* End PBXGroup section */

/* Begin PBXNativeTarget section */
		85247CA41807A6D1002DE9A6 /* TestLoginWithLinkedIn */ = {
			isa = PBXNativeTarget;
			buildConfigurationList = 85247CDA1807A6D2002DE9A6 /* Build configuration list for PBXNativeTarget "TestLoginWithLinkedIn" */;
			buildPhases = (
				85247CA11807A6D1002DE9A6 /* Sources */,
				85247CA21807A6D1002DE9A6 /* Frameworks */,
				85247CA31807A6D1002DE9A6 /* Resources */,
			);
			buildRules = (
			);
			dependencies = (
			);
			name = TestLoginWithLinkedIn;
			productName = TestLoginWithLinkedIn;
			productReference = 85247CA51807A6D1002DE9A6 /* TestLoginWithLinkedIn.app */;
			productType = "com.apple.product-type.application";
		};
		85247CC81807A6D2002DE9A6 /* TestLoginWithLinkedInTests */ = {
			isa = PBXNativeTarget;
			buildConfigurationList = 85247CDD1807A6D2002DE9A6 /* Build configuration list for PBXNativeTarget "TestLoginWithLinkedInTests" */;
			buildPhases = (
				85247CC51807A6D2002DE9A6 /* Sources */,
				85247CC61807A6D2002DE9A6 /* Frameworks */,
				85247CC71807A6D2002DE9A6 /* Resources */,
			);
			buildRules = (
			);
			dependencies = (
				85247CCF1807A6D2002DE9A6 /* PBXTargetDependency */,
			);
			name = TestLoginWithLinkedInTests;
			productName = TestLoginWithLinkedInTests;
			productReference = 85247CC91807A6D2002DE9A6 /* TestLoginWithLinkedInTests.xctest */;
			productType = "com.apple.product-type.bundle.unit-test";
		};
/* End PBXNativeTarget section */

/* Begin PBXProject section */
		85247C9D1807A6D1002DE9A6 /* Project object */ = {
			isa = PBXProject;
			attributes = {
				LastUpgradeCheck = 0500;
				ORGANIZATIONNAME = MadApper;
				TargetAttributes = {
					85247CC81807A6D2002DE9A6 = {
						TestTargetID = 85247CA41807A6D1002DE9A6;
					};
				};
			};
			buildConfigurationList = 85247CA01807A6D1002DE9A6 /* Build configuration list for PBXProject "TestLoginWithLinkedIn" */;
			compatibilityVersion = "Xcode 3.2";
			developmentRegion = English;
			hasScannedForEncodings = 0;
			knownRegions = (
				en,
				Base,
			);
			mainGroup = 85247C9C1807A6D1002DE9A6;
			productRefGroup = 85247CA61807A6D1002DE9A6 /* Products */;
			projectDirPath = "";
			projectRoot = "";
			targets = (
				85247CA41807A6D1002DE9A6 /* TestLoginWithLinkedIn */,
				85247CC81807A6D2002DE9A6 /* TestLoginWithLinkedInTests */,
			);
		};
/* End PBXProject section */

/* Begin PBXResourcesBuildPhase section */
		85247CA31807A6D1002DE9A6 /* Resources */ = {
			isa = PBXResourcesBuildPhase;
			buildActionMask = 2147483647;
			files = (
				85247CBF1807A6D1002DE9A6 /* Main_iPad.storyboard in Resources */,
				85247CC41807A6D1002DE9A6 /* Images.xcassets in Resources */,
				85247CBC1807A6D1002DE9A6 /* Main_iPhone.storyboard in Resources */,
				85247CB31807A6D1002DE9A6 /* InfoPlist.strings in Resources */,
			);
			runOnlyForDeploymentPostprocessing = 0;
		};
		85247CC71807A6D2002DE9A6 /* Resources */ = {
			isa = PBXResourcesBuildPhase;
			buildActionMask = 2147483647;
			files = (
				85247CD51807A6D2002DE9A6 /* InfoPlist.strings in Resources */,
			);
			runOnlyForDeploymentPostprocessing = 0;
		};
/* End PBXResourcesBuildPhase section */

/* Begin PBXSourcesBuildPhase section */
		85247CA11807A6D1002DE9A6 /* Sources */ = {
			isa = PBXSourcesBuildPhase;
			buildActionMask = 2147483647;
			files = (
				85247CC21807A6D1002DE9A6 /* ViewController.m in Sources */,
				85247CB91807A6D1002DE9A6 /* AppDelegate.m in Sources */,
				85247CB51807A6D1002DE9A6 /* main.m in Sources */,
			);
			runOnlyForDeploymentPostprocessing = 0;
		};
		85247CC51807A6D2002DE9A6 /* Sources */ = {
			isa = PBXSourcesBuildPhase;
			buildActionMask = 2147483647;
			files = (
				85247CD71807A6D2002DE9A6 /* TestLoginWithLinkedInTests.m in Sources */,
			);
			runOnlyForDeploymentPostprocessing = 0;
		};
/* End PBXSourcesBuildPhase section */

/* Begin PBXTargetDependency section */
		85247CCF1807A6D2002DE9A6 /* PBXTargetDependency */ = {
			isa = PBXTargetDependency;
			target = 85247CA41807A6D1002DE9A6 /* TestLoginWithLinkedIn */;
			targetProxy = 85247CCE1807A6D2002DE9A6 /* PBXContainerItemProxy */;
		};
/* End PBXTargetDependency section */

/* Begin PBXVariantGroup section */
		85247CB11807A6D1002DE9A6 /* InfoPlist.strings */ = {
			isa = PBXVariantGroup;
			children = (
				85247CB21807A6D1002DE9A6 /* en */,
			);
			name = InfoPlist.strings;
			sourceTree = "<group>";
		};
		85247CBA1807A6D1002DE9A6 /* Main_iPhone.storyboard */ = {
			isa = PBXVariantGroup;
			children = (
				85247CBB1807A6D1002DE9A6 /* Base */,
			);
			name = Main_iPhone.storyboard;
			sourceTree = "<group>";
		};
		85247CBD1807A6D1002DE9A6 /* Main_iPad.storyboard */ = {
			isa = PBXVariantGroup;
			children = (
				85247CBE1807A6D1002DE9A6 /* Base */,
			);
			name = Main_iPad.storyboard;
			sourceTree = "<group>";
		};
		85247CD31807A6D2002DE9A6 /* InfoPlist.strings */ = {
			isa = PBXVariantGroup;
			children = (
				85247CD41807A6D2002DE9A6 /* en */,
			);
			name = InfoPlist.strings;
			sourceTree = "<group>";
		};
/* End PBXVariantGroup section */

/* Begin XCBuildConfiguration section */
		85247CD81807A6D2002DE9A6 /* Debug */ = {
			isa = XCBuildConfiguration;
			buildSettings = {
				ALWAYS_SEARCH_USER_PATHS = NO;
				ARCHS = "$(ARCHS_STANDARD_INCLUDING_64_BIT)";
				CLANG_CXX_LANGUAGE_STANDARD = "gnu++0x";
				CLANG_CXX_LIBRARY = "libc++";
				CLANG_ENABLE_MODULES = YES;
				CLANG_ENABLE_OBJC_ARC = YES;
				CLANG_WARN_BOOL_CONVERSION = YES;
				CLANG_WARN_CONSTANT_CONVERSION = YES;
				CLANG_WARN_DIRECT_OBJC_ISA_USAGE = YES_ERROR;
				CLANG_WARN_EMPTY_BODY = YES;
				CLANG_WARN_ENUM_CONVERSION = YES;
				CLANG_WARN_INT_CONVERSION = YES;
				CLANG_WARN_OBJC_ROOT_CLASS = YES_ERROR;
				CLANG_WARN__DUPLICATE_METHOD_MATCH = YES;
				"CODE_SIGN_IDENTITY[sdk=iphoneos*]" = "iPhone Developer";
				COPY_PHASE_STRIP = NO;
				GCC_C_LANGUAGE_STANDARD = gnu99;
				GCC_DYNAMIC_NO_PIC = NO;
				GCC_OPTIMIZATION_LEVEL = 0;
				GCC_PREPROCESSOR_DEFINITIONS = (
					"DEBUG=1",
					"$(inherited)",
				);
				GCC_SYMBOLS_PRIVATE_EXTERN = NO;
				GCC_WARN_64_TO_32_BIT_CONVERSION = YES;
				GCC_WARN_ABOUT_RETURN_TYPE = YES_ERROR;
				GCC_WARN_UNDECLARED_SELECTOR = YES;
				GCC_WARN_UNINITIALIZED_AUTOS = YES;
				GCC_WARN_UNUSED_FUNCTION = YES;
				GCC_WARN_UNUSED_VARIABLE = YES;
				IPHONEOS_DEPLOYMENT_TARGET = 7.0;
				ONLY_ACTIVE_ARCH = YES;
				SDKROOT = iphoneos;
				TARGETED_DEVICE_FAMILY = "1,2";
			};
			name = Debug;
		};
		85247CD91807A6D2002DE9A6 /* Release */ = {
			isa = XCBuildConfiguration;
			buildSettings = {
				ALWAYS_SEARCH_USER_PATHS = NO;
				ARCHS = "$(ARCHS_STANDARD_INCLUDING_64_BIT)";
				CLANG_CXX_LANGUAGE_STANDARD = "gnu++0x";
				CLANG_CXX_LIBRARY = "libc++";
				CLANG_ENABLE_MODULES = YES;
				CLANG_ENABLE_OBJC_ARC = YES;
				CLANG_WARN_BOOL_CONVERSION = YES;
				CLANG_WARN_CONSTANT_CONVERSION = YES;
				CLANG_WARN_DIRECT_OBJC_ISA_USAGE = YES_ERROR;
				CLANG_WARN_EMPTY_BODY = YES;
				CLANG_WARN_ENUM_CONVERSION = YES;
				CLANG_WARN_INT_CONVERSION = YES;
				CLANG_WARN_OBJC_ROOT_CLASS = YES_ERROR;
				CLANG_WARN__DUPLICATE_METHOD_MATCH = YES;
				"CODE_SIGN_IDENTITY[sdk=iphoneos*]" = "iPhone Developer";
				COPY_PHASE_STRIP = YES;
				ENABLE_NS_ASSERTIONS = NO;
				GCC_C_LANGUAGE_STANDARD = gnu99;
				GCC_WARN_64_TO_32_BIT_CONVERSION = YES;
				GCC_WARN_ABOUT_RETURN_TYPE = YES_ERROR;
				GCC_WARN_UNDECLARED_SELECTOR = YES;
				GCC_WARN_UNINITIALIZED_AUTOS = YES;
				GCC_WARN_UNUSED_FUNCTION = YES;
				GCC_WARN_UNUSED_VARIABLE = YES;
				IPHONEOS_DEPLOYMENT_TARGET = 7.0;
				SDKROOT = iphoneos;
				TARGETED_DEVICE_FAMILY = "1,2";
				VALIDATE_PRODUCT = YES;
			};
			name = Release;
		};
		85247CDB1807A6D2002DE9A6 /* Debug */ = {
			isa = XCBuildConfiguration;
			buildSettings = {
				ASSETCATALOG_COMPILER_APPICON_NAME = AppIcon;
				ASSETCATALOG_COMPILER_LAUNCHIMAGE_NAME = LaunchImage;
				FRAMEWORK_SEARCH_PATHS = (
					"$(inherited)",
					"$(USER_LIBRARY_DIR)/Developer/Xcode/DerivedData/MALinkedIn-bnwygrlwsdhheyfjuqwcqxuhzqyj/Build/Products/Debug-iphoneos",
					"/Users/paul.napier/Desktop/Mobile\\ Development/4)\\ Test\\ Projects/1)\\ iOS/TestLoginWithLinkedIn",
				);
				GCC_PRECOMPILE_PREFIX_HEADER = YES;
				GCC_PREFIX_HEADER = "TestLoginWithLinkedIn/TestLoginWithLinkedIn-Prefix.pch";
				INFOPLIST_FILE = "TestLoginWithLinkedIn/TestLoginWithLinkedIn-Info.plist";
				PRODUCT_NAME = "$(TARGET_NAME)";
				WRAPPER_EXTENSION = app;
			};
			name = Debug;
		};
		85247CDC1807A6D2002DE9A6 /* Release */ = {
			isa = XCBuildConfiguration;
			buildSettings = {
				ASSETCATALOG_COMPILER_APPICON_NAME = AppIcon;
				ASSETCATALOG_COMPILER_LAUNCHIMAGE_NAME = LaunchImage;
				FRAMEWORK_SEARCH_PATHS = (
					"$(inherited)",
					"$(USER_LIBRARY_DIR)/Developer/Xcode/DerivedData/MALinkedIn-bnwygrlwsdhheyfjuqwcqxuhzqyj/Build/Products/Debug-iphoneos",
					"/Users/paul.napier/Desktop/Mobile\\ Development/4)\\ Test\\ Projects/1)\\ iOS/TestLoginWithLinkedIn",
				);
				GCC_PRECOMPILE_PREFIX_HEADER = YES;
				GCC_PREFIX_HEADER = "TestLoginWithLinkedIn/TestLoginWithLinkedIn-Prefix.pch";
				INFOPLIST_FILE = "TestLoginWithLinkedIn/TestLoginWithLinkedIn-Info.plist";
				PRODUCT_NAME = "$(TARGET_NAME)";
				WRAPPER_EXTENSION = app;
			};
			name = Release;
		};
		85247CDE1807A6D2002DE9A6 /* Debug */ = {
			isa = XCBuildConfiguration;
			buildSettings = {
				ARCHS = "$(ARCHS_STANDARD_INCLUDING_64_BIT)";
				BUNDLE_LOADER = "$(BUILT_PRODUCTS_DIR)/TestLoginWithLinkedIn.app/TestLoginWithLinkedIn";
				FRAMEWORK_SEARCH_PATHS = (
					"$(SDKROOT)/Developer/Library/Frameworks",
					"$(inherited)",
					"$(DEVELOPER_FRAMEWORKS_DIR)",
				);
				GCC_PRECOMPILE_PREFIX_HEADER = YES;
				GCC_PREFIX_HEADER = "TestLoginWithLinkedIn/TestLoginWithLinkedIn-Prefix.pch";
				GCC_PREPROCESSOR_DEFINITIONS = (
					"DEBUG=1",
					"$(inherited)",
				);
				INFOPLIST_FILE = "TestLoginWithLinkedInTests/TestLoginWithLinkedInTests-Info.plist";
				PRODUCT_NAME = "$(TARGET_NAME)";
				TEST_HOST = "$(BUNDLE_LOADER)";
				WRAPPER_EXTENSION = xctest;
			};
			name = Debug;
		};
		85247CDF1807A6D2002DE9A6 /* Release */ = {
			isa = XCBuildConfiguration;
			buildSettings = {
				ARCHS = "$(ARCHS_STANDARD_INCLUDING_64_BIT)";
				BUNDLE_LOADER = "$(BUILT_PRODUCTS_DIR)/TestLoginWithLinkedIn.app/TestLoginWithLinkedIn";
				FRAMEWORK_SEARCH_PATHS = (
					"$(SDKROOT)/Developer/Library/Frameworks",
					"$(inherited)",
					"$(DEVELOPER_FRAMEWORKS_DIR)",
				);
				GCC_PRECOMPILE_PREFIX_HEADER = YES;
				GCC_PREFIX_HEADER = "TestLoginWithLinkedIn/TestLoginWithLinkedIn-Prefix.pch";
				INFOPLIST_FILE = "TestLoginWithLinkedInTests/TestLoginWithLinkedInTests-Info.plist";
				PRODUCT_NAME = "$(TARGET_NAME)";
				TEST_HOST = "$(BUNDLE_LOADER)";
				WRAPPER_EXTENSION = xctest;
			};
			name = Release;
		};
/* End XCBuildConfiguration section */

/* Begin XCConfigurationList section */
		85247CA01807A6D1002DE9A6 /* Build configuration list for PBXProject "TestLoginWithLinkedIn" */ = {
			isa = XCConfigurationList;
			buildConfigurations = (
				85247CD81807A6D2002DE9A6 /* Debug */,
				85247CD91807A6D2002DE9A6 /* Release */,
			);
			defaultConfigurationIsVisible = 0;
			defaultConfigurationName = Release;
		};
		85247CDA1807A6D2002DE9A6 /* Build configuration list for PBXNativeTarget "TestLoginWithLinkedIn" */ = {
			isa = XCConfigurationList;
			buildConfigurations = (
				85247CDB1807A6D2002DE9A6 /* Debug */,
				85247CDC1807A6D2002DE9A6 /* Release */,
			);
			defaultConfigurationIsVisible = 0;
			defaultConfigurationName = Release;
		};
		85247CDD1807A6D2002DE9A6 /* Build configuration list for PBXNativeTarget "TestLoginWithLinkedInTests" */ = {
			isa = XCConfigurationList;
			buildConfigurations = (
				85247CDE1807A6D2002DE9A6 /* Debug */,
				85247CDF1807A6D2002DE9A6 /* Release */,
			);
			defaultConfigurationIsVisible = 0;
			defaultConfigurationName = Release;
		};
/* End XCConfigurationList section */
	};
	rootObject = 85247C9D1807A6D1002DE9A6 /* Project object */;
}
